
Microsoft Visual Studio Solution File, Format Version 12.00
# Visual Studio Version 16
VisualStudioVersion = 16.0.29009.5
MinimumVisualStudioVersion = 10.0.40219.1
Project("{FAE04EC0-301F-11D3-BF4B-00C04F79EFBC}") = "CSharpLearning.Tests", "CsharpLearning.Tests\CSharpLearning.Tests.csproj", "{8C286301-8195-4E7D-ADB2-7ED3B54F979D}"
EndProject
Project("{FAE04EC0-301F-11D3-BF4B-00C04F79EFBC}") = "CSharpLearning.Web", "CSharpLearning.Web\CSharpLearning.Web.csproj", "{F54C4486-2F45-4BAA-8268-EFA891A21F41}"
EndProject
Global
	GlobalSection(SolutionConfigurationPlatforms) = preSolution
		Debug|Any CPU = Debug|Any CPU
		Release|Any CPU = Release|Any CPU
	EndGlobalSection
	GlobalSection(ProjectConfigurationPlatforms) = postSolution
		{8C286301-8195-4E7D-ADB2-7ED3B54F979D}.Debug|Any CPU.ActiveCfg = Debug|Any CPU
		{8C286301-8195-4E7D-ADB2-7ED3B54F979D}.Debug|Any CPU.Build.0 = Debug|Any CPU
		{8C286301-8195-4E7D-ADB2-7ED3B54F979D}.Release|Any CPU.ActiveCfg = Release|Any CPU
		{8C286301-8195-4E7D-ADB2-7ED3B54F979D}.Release|Any CPU.Build.0 = Release|Any CPU
		{F54C4486-2F45-4BAA-8268-EFA891A21F41}.Debug|Any CPU.ActiveCfg = Debug|Any CPU
		{F54C4486-2F45-4BAA-8268-EFA891A21F41}.Debug|Any CPU.Build.0 = Debug|Any CPU
		{F54C4486-2F45-4BAA-8268-EFA891A21F41}.Release|Any CPU.ActiveCfg = Release|Any CPU
		{F54C4486-2F45-4BAA-8268-EFA891A21F41}.Release|Any CPU.Build.0 = Release|Any CPU
	EndGlobalSection
	GlobalSection(SolutionProperties) = preSolution
		HideSolutionNode = FALSE
	EndGlobalSection
	GlobalSection(ExtensibilityGlobals) = postSolution
		SolutionGuid = {73C4585A-E7C7-48B6-836E-FA5C0AB03154}
	EndGlobalSection
EndGlobal
